
Microsoft Visual Studio Solution File, Format Version 12.00
# Visual Studio Version 17
VisualStudioVersion = 17.9.34728.123
MinimumVisualStudioVersion = 10.0.40219.1
Project("{9A19103F-16F7-4668-BE54-9A1E7A4F7556}") = "RestoApp", "RestoApp\RestoApp.csproj", "{6EB236CD-8B14-4AC4-A1AB-D8CDF16BDF72}"
EndProject
Project("{2150E333-8FDC-42A3-9474-1A3956D46DE8}") = "TP1_Labo2", "TP1_Labo2", "{1730D8CA-685A-4D34-B069-5898A30D66B9}"
EndProject
Project("{9A19103F-16F7-4668-BE54-9A1E7A4F7556}") = "usuarios", "usuarios\usuarios.csproj", "{0EA6D9A8-E25E-43A5-B43B-F2F5415C0442}"
EndProject
Project("{9A19103F-16F7-4668-BE54-9A1E7A4F7556}") = "administracion", "administracion\administracion.csproj", "{C0EF2067-2053-4E9A-83C7-290E89C62BF1}"
EndProject
Project("{FAE04EC0-301F-11D3-BF4B-00C04F79EFBC}") = "TestsAdministracion", "TestsAdministracion\TestsAdministracion.csproj", "{BA16F389-0B40-4703-8CD2-921970FCE94F}"
EndProject
Global
	GlobalSection(SolutionConfigurationPlatforms) = preSolution
		Debug|Any CPU = Debug|Any CPU
		Release|Any CPU = Release|Any CPU
	EndGlobalSection
	GlobalSection(ProjectConfigurationPlatforms) = postSolution
		{6EB236CD-8B14-4AC4-A1AB-D8CDF16BDF72}.Debug|Any CPU.ActiveCfg = Debug|Any CPU
		{6EB236CD-8B14-4AC4-A1AB-D8CDF16BDF72}.Debug|Any CPU.Build.0 = Debug|Any CPU
		{6EB236CD-8B14-4AC4-A1AB-D8CDF16BDF72}.Release|Any CPU.ActiveCfg = Release|Any CPU
		{6EB236CD-8B14-4AC4-A1AB-D8CDF16BDF72}.Release|Any CPU.Build.0 = Release|Any CPU
		{0EA6D9A8-E25E-43A5-B43B-F2F5415C0442}.Debug|Any CPU.ActiveCfg = Debug|Any CPU
		{0EA6D9A8-E25E-43A5-B43B-F2F5415C0442}.Debug|Any CPU.Build.0 = Debug|Any CPU
		{0EA6D9A8-E25E-43A5-B43B-F2F5415C0442}.Release|Any CPU.ActiveCfg = Release|Any CPU
		{0EA6D9A8-E25E-43A5-B43B-F2F5415C0442}.Release|Any CPU.Build.0 = Release|Any CPU
		{C0EF2067-2053-4E9A-83C7-290E89C62BF1}.Debug|Any CPU.ActiveCfg = Debug|Any CPU
		{C0EF2067-2053-4E9A-83C7-290E89C62BF1}.Debug|Any CPU.Build.0 = Debug|Any CPU
		{C0EF2067-2053-4E9A-83C7-290E89C62BF1}.Release|Any CPU.ActiveCfg = Release|Any CPU
		{C0EF2067-2053-4E9A-83C7-290E89C62BF1}.Release|Any CPU.Build.0 = Release|Any CPU
		{BA16F389-0B40-4703-8CD2-921970FCE94F}.Debug|Any CPU.ActiveCfg = Debug|Any CPU
		{BA16F389-0B40-4703-8CD2-921970FCE94F}.Debug|Any CPU.Build.0 = Debug|Any CPU
		{BA16F389-0B40-4703-8CD2-921970FCE94F}.Release|Any CPU.ActiveCfg = Release|Any CPU
		{BA16F389-0B40-4703-8CD2-921970FCE94F}.Release|Any CPU.Build.0 = Release|Any CPU
	EndGlobalSection
	GlobalSection(SolutionProperties) = preSolution
		HideSolutionNode = FALSE
	EndGlobalSection
	GlobalSection(NestedProjects) = preSolution
		{6EB236CD-8B14-4AC4-A1AB-D8CDF16BDF72} = {1730D8CA-685A-4D34-B069-5898A30D66B9}
		{0EA6D9A8-E25E-43A5-B43B-F2F5415C0442} = {1730D8CA-685A-4D34-B069-5898A30D66B9}
		{C0EF2067-2053-4E9A-83C7-290E89C62BF1} = {1730D8CA-685A-4D34-B069-5898A30D66B9}
		{BA16F389-0B40-4703-8CD2-921970FCE94F} = {1730D8CA-685A-4D34-B069-5898A30D66B9}
	EndGlobalSection
	GlobalSection(ExtensibilityGlobals) = postSolution
		SolutionGuid = {17D80BBB-E808-441E-9451-5FB56D99CE59}
	EndGlobalSection
EndGlobal
